{
  "nodes": {
    "dbaynard": {
      "inputs": {
        "nixpkgs": [
          "mtags",
          "nixpkgs"
        ]
      },
      "locked": {
        "lastModified": 1670524546,
        "narHash": "sha256-ux4hUByieObd7FofACR1a8Fkj3gKyMAeO6T9Mk4AOB0=",
        "owner": "dbaynard",
        "repo": "flakes",
        "rev": "8ed97379296daa9b46766fa9dcdd5c2450215f94",
        "type": "github"
      },
      "original": {
        "owner": "dbaynard",
        "repo": "flakes",
        "type": "github"
      }
    },
    "flake-utils": {
      "inputs": {
        "systems": "systems"
      },
      "locked": {
        "lastModified": 1681202837,
        "narHash": "sha256-H+Rh19JDwRtpVPAWp64F+rlEtxUWBAQW28eAi3SRSzg=",
        "owner": "numtide",
        "repo": "flake-utils",
        "rev": "cfacdce06f30d2b68473a46042957675eebb3401",
        "type": "github"
      },
      "original": {
        "owner": "numtide",
        "repo": "flake-utils",
        "type": "github"
      }
    },
    "mtags": {
      "inputs": {
        "dbaynard": "dbaynard",
        "nixpkgs": [
          "nixpkgs"
        ]
      },
      "locked": {
        "lastModified": 1670636405,
        "narHash": "sha256-I1oBD2TJH6cbBS5AYCvC2by/+p7TKBAG4wbdF5kQJYs=",
        "owner": "dbaynard",
        "repo": "mtags",
        "rev": "b06c9e61f78d6b0cf678dcb23f4bfa6ed6b017ea",
        "type": "github"
      },
      "original": {
        "owner": "dbaynard",
        "repo": "mtags",
        "type": "github"
      }
    },
    "nixpkgs": {
      "locked": {
        "lastModified": 1695644571,
        "narHash": "sha256-asS9dCCdlt1lPq0DLwkVBbVoEKuEuz+Zi3DG7pR/RxA=",
        "owner": "NixOS",
        "repo": "nixpkgs",
        "rev": "6500b4580c2a1f3d0f980d32d285739d8e156d92",
        "type": "github"
      },
      "original": {
        "id": "nixpkgs",
        "type": "indirect"
      }
    },
    "nixpkgs_2": {
      "locked": {
        "lastModified": 1679734080,
        "narHash": "sha256-z846xfGLlon6t9lqUzlNtBOmsgQLQIZvR6Lt2dImk1M=",
        "owner": "NixOS",
        "repo": "nixpkgs",
        "rev": "dbf5322e93bcc6cfc52268367a8ad21c09d76fea",
        "type": "github"
      },
      "original": {
        "owner": "NixOS",
        "repo": "nixpkgs",
        "rev": "dbf5322e93bcc6cfc52268367a8ad21c09d76fea",
        "type": "github"
      }
    },
    "postgrest": {
      "inputs": {
        "nixpkgs": "nixpkgs_2"
      },
      "locked": {
        "lastModified": 1698247767,
        "narHash": "sha256-iprU4gepqVX+BxCRtIfzu0DvbzZKQDOeKvR4eqOmAYM=",
        "owner": "fore-stun",
        "repo": "postgrest",
        "rev": "14050fd87a361b6871e0fdc21a84a31efe4baee0",
        "type": "github"
      },
      "original": {
        "owner": "fore-stun",
        "ref": "flake",
        "repo": "postgrest",
        "type": "github"
      }
    },
    "root": {
      "inputs": {
        "mtags": "mtags",
        "nixpkgs": "nixpkgs",
        "postgrest": "postgrest",
        "rust": "rust"
      }
    },
    "rust": {
      "inputs": {
        "flake-utils": "flake-utils",
        "nixpkgs": [
          "nixpkgs"
        ]
      },
      "locked": {
        "lastModified": 1691461092,
        "narHash": "sha256-5/q2uukkqQ7BrpSK2Isr/XmrMteU/4Z8MXWQONijRKI=",
        "owner": "oxalica",
        "repo": "rust-overlay",
        "rev": "ec7dc60e6c0f6c430433c908316b47b6638d0053",
        "type": "github"
      },
      "original": {
        "owner": "oxalica",
        "repo": "rust-overlay",
        "type": "github"
      }
    },
    "systems": {
      "locked": {
        "lastModified": 1681028828,
        "narHash": "sha256-Vy1rq5AaRuLzOxct8nz4T6wlgyUR7zLU309k9mBC768=",
        "owner": "nix-systems",
        "repo": "default",
        "rev": "da67096a3b9bf56a91d16901293e51ba5b49a27e",
        "type": "github"
      },
      "original": {
        "owner": "nix-systems",
        "repo": "default",
        "type": "github"
      }
    }
  },
  "root": "root",
  "version": 7
}
