{
  "nodes": {
    "dbaynard": {
      "inputs": {
        "nixpkgs": [
          "mtags",
          "nixpkgs"
        ]
      },
      "locked": {
        "lastModified": 1670524546,
        "narHash": "sha256-ux4hUByieObd7FofACR1a8Fkj3gKyMAeO6T9Mk4AOB0=",
        "owner": "dbaynard",
        "repo": "flakes",
        "rev": "8ed97379296daa9b46766fa9dcdd5c2450215f94",
        "type": "github"
      },
      "original": {
        "owner": "dbaynard",
        "repo": "flakes",
        "type": "github"
      }
    },
    "flake-utils": {
      "locked": {
        "lastModified": 1659877975,
        "narHash": "sha256-zllb8aq3YO3h8B/U0/J1WBgAL8EX5yWf5pMj3G0NAmc=",
        "owner": "numtide",
        "repo": "flake-utils",
        "rev": "c0e246b9b83f637f4681389ecabcb2681b4f3af0",
        "type": "github"
      },
      "original": {
        "owner": "numtide",
        "repo": "flake-utils",
        "type": "github"
      }
    },
    "mtags": {
      "inputs": {
        "dbaynard": "dbaynard",
        "nixpkgs": [
          "nixpkgs"
        ]
      },
      "locked": {
        "lastModified": 1670636405,
        "narHash": "sha256-I1oBD2TJH6cbBS5AYCvC2by/+p7TKBAG4wbdF5kQJYs=",
        "owner": "dbaynard",
        "repo": "mtags",
        "rev": "b06c9e61f78d6b0cf678dcb23f4bfa6ed6b017ea",
        "type": "github"
      },
      "original": {
        "owner": "dbaynard",
        "repo": "mtags",
        "type": "github"
      }
    },
    "nixpkgs": {
      "locked": {
        "lastModified": 1676973346,
        "narHash": "sha256-rft8oGMocTAhUVqG3LW6I8K/Fo9ICGmNjRqaWTJwav0=",
        "owner": "NixOS",
        "repo": "nixpkgs",
        "rev": "d0d55259081f0b97c828f38559cad899d351cad1",
        "type": "github"
      },
      "original": {
        "id": "nixpkgs",
        "type": "indirect"
      }
    },
    "root": {
      "inputs": {
        "mtags": "mtags",
        "nixpkgs": "nixpkgs",
        "rust": "rust"
      }
    },
    "rust": {
      "inputs": {
        "flake-utils": "flake-utils",
        "nixpkgs": [
          "nixpkgs"
        ]
      },
      "locked": {
        "lastModified": 1677465082,
        "narHash": "sha256-b82PmPWkt0pAsxmc477Yowq1Ez1VyjA5wnxE+yoIOWg=",
        "owner": "oxalica",
        "repo": "rust-overlay",
        "rev": "2924bfce2fadc1ded4a2b8cfce7f2fd4ef41c36f",
        "type": "github"
      },
      "original": {
        "owner": "oxalica",
        "repo": "rust-overlay",
        "type": "github"
      }
    }
  },
  "root": "root",
  "version": 7
}
