{
  "nodes": {
    "dbaynard": {
      "inputs": {
        "nixpkgs": [
          "mtags",
          "nixpkgs"
        ]
      },
      "locked": {
        "lastModified": 1670524546,
        "narHash": "sha256-ux4hUByieObd7FofACR1a8Fkj3gKyMAeO6T9Mk4AOB0=",
        "owner": "dbaynard",
        "repo": "flakes",
        "rev": "8ed97379296daa9b46766fa9dcdd5c2450215f94",
        "type": "github"
      },
      "original": {
        "owner": "dbaynard",
        "repo": "flakes",
        "type": "github"
      }
    },
    "mtags": {
      "inputs": {
        "dbaynard": "dbaynard",
        "nixpkgs": [
          "nixpkgs"
        ]
      },
      "locked": {
        "lastModified": 1670636405,
        "narHash": "sha256-I1oBD2TJH6cbBS5AYCvC2by/+p7TKBAG4wbdF5kQJYs=",
        "owner": "dbaynard",
        "repo": "mtags",
        "rev": "b06c9e61f78d6b0cf678dcb23f4bfa6ed6b017ea",
        "type": "github"
      },
      "original": {
        "owner": "dbaynard",
        "repo": "mtags",
        "type": "github"
      }
    },
    "nixpkgs": {
      "locked": {
        "lastModified": 1669411043,
        "narHash": "sha256-LfPd3+EY+jaIHTRIEOUtHXuanxm59YKgUacmSzaqMLc=",
        "owner": "NixOS",
        "repo": "nixpkgs",
        "rev": "5dc7114b7b256d217fe7752f1614be2514e61bb8",
        "type": "github"
      },
      "original": {
        "id": "nixpkgs",
        "type": "indirect"
      }
    },
    "root": {
      "inputs": {
        "mtags": "mtags",
        "nixpkgs": "nixpkgs"
      }
    }
  },
  "root": "root",
  "version": 7
}
